
Microsoft Visual Studio Solution File, Format Version 12.00
# Visual Studio Version 17
VisualStudioVersion = 17.4.33205.214
MinimumVisualStudioVersion = 10.0.40219.1
Project("{9A19103F-16F7-4668-BE54-9A1E7A4F7556}") = "StudyHelper.WPF", "StudyHelper.WPF\StudyHelper.WPF.csproj", "{099F2848-37D4-4334-9052-17A1E7F930EC}"
EndProject
Project("{9A19103F-16F7-4668-BE54-9A1E7A4F7556}") = "StudyHelper.EntityFramework", "StudyHelper.EntityFramework\StudyHelper.EntityFramework.csproj", "{843F00EA-5A55-4941-9A34-EA61C138178B}"
EndProject
Project("{9A19103F-16F7-4668-BE54-9A1E7A4F7556}") = "StudyHelper.Domain", "StudyHelper.Domain\StudyHelper.Domain.csproj", "{37985097-E0AC-415F-A59E-10EC7CB000FC}"
EndProject
Project("{FAE04EC0-301F-11D3-BF4B-00C04F79EFBC}") = "StudyHelper.UnitTests", "StudyHelper.UnitTests\StudyHelper.UnitTests.csproj", "{131CA6B4-6DF3-45A7-BF8E-816C26433BA1}"
EndProject
Global
	GlobalSection(SolutionConfigurationPlatforms) = preSolution
		Debug|Any CPU = Debug|Any CPU
		Release|Any CPU = Release|Any CPU
	EndGlobalSection
	GlobalSection(ProjectConfigurationPlatforms) = postSolution
		{099F2848-37D4-4334-9052-17A1E7F930EC}.Debug|Any CPU.ActiveCfg = Debug|Any CPU
		{099F2848-37D4-4334-9052-17A1E7F930EC}.Debug|Any CPU.Build.0 = Debug|Any CPU
		{099F2848-37D4-4334-9052-17A1E7F930EC}.Release|Any CPU.ActiveCfg = Release|Any CPU
		{099F2848-37D4-4334-9052-17A1E7F930EC}.Release|Any CPU.Build.0 = Release|Any CPU
		{843F00EA-5A55-4941-9A34-EA61C138178B}.Debug|Any CPU.ActiveCfg = Debug|Any CPU
		{843F00EA-5A55-4941-9A34-EA61C138178B}.Debug|Any CPU.Build.0 = Debug|Any CPU
		{843F00EA-5A55-4941-9A34-EA61C138178B}.Release|Any CPU.ActiveCfg = Release|Any CPU
		{843F00EA-5A55-4941-9A34-EA61C138178B}.Release|Any CPU.Build.0 = Release|Any CPU
		{37985097-E0AC-415F-A59E-10EC7CB000FC}.Debug|Any CPU.ActiveCfg = Debug|Any CPU
		{37985097-E0AC-415F-A59E-10EC7CB000FC}.Debug|Any CPU.Build.0 = Debug|Any CPU
		{37985097-E0AC-415F-A59E-10EC7CB000FC}.Release|Any CPU.ActiveCfg = Release|Any CPU
		{37985097-E0AC-415F-A59E-10EC7CB000FC}.Release|Any CPU.Build.0 = Release|Any CPU
		{131CA6B4-6DF3-45A7-BF8E-816C26433BA1}.Debug|Any CPU.ActiveCfg = Debug|Any CPU
		{131CA6B4-6DF3-45A7-BF8E-816C26433BA1}.Debug|Any CPU.Build.0 = Debug|Any CPU
		{131CA6B4-6DF3-45A7-BF8E-816C26433BA1}.Release|Any CPU.ActiveCfg = Release|Any CPU
		{131CA6B4-6DF3-45A7-BF8E-816C26433BA1}.Release|Any CPU.Build.0 = Release|Any CPU
	EndGlobalSection
	GlobalSection(SolutionProperties) = preSolution
		HideSolutionNode = FALSE
	EndGlobalSection
	GlobalSection(ExtensibilityGlobals) = postSolution
		SolutionGuid = {A632898E-16CF-4528-858B-0B25257EF7B7}
	EndGlobalSection
EndGlobal
